
Microsoft Visual Studio Solution File, Format Version 12.00
# Visual Studio Version 17
VisualStudioVersion = 17.8.34511.84
MinimumVisualStudioVersion = 10.0.40219.1
Project("{FAE04EC0-301F-11D3-BF4B-00C04F79EFBC}") = "ListasDeDatosSimples", "ListasDeDatosSimples.csproj", "{B234935E-588F-4880-9FDB-B037DB342F85}"
EndProject
Global
	GlobalSection(SolutionConfigurationPlatforms) = preSolution
		Debug|Any CPU = Debug|Any CPU
		Release|Any CPU = Release|Any CPU
	EndGlobalSection
	GlobalSection(ProjectConfigurationPlatforms) = postSolution
		{B234935E-588F-4880-9FDB-B037DB342F85}.Debug|Any CPU.ActiveCfg = Debug|Any CPU
		{B234935E-588F-4880-9FDB-B037DB342F85}.Debug|Any CPU.Build.0 = Debug|Any CPU
		{B234935E-588F-4880-9FDB-B037DB342F85}.Release|Any CPU.ActiveCfg = Release|Any CPU
		{B234935E-588F-4880-9FDB-B037DB342F85}.Release|Any CPU.Build.0 = Release|Any CPU
	EndGlobalSection
	GlobalSection(SolutionProperties) = preSolution
		HideSolutionNode = FALSE
	EndGlobalSection
	GlobalSection(ExtensibilityGlobals) = postSolution
		SolutionGuid = {A9667E27-8AB5-4638-AEF1-4613D985F49E}
	EndGlobalSection
EndGlobal
